
Microsoft Visual Studio Solution File, Format Version 12.00
Project("{FAE04EC0-301F-11D3-BF4B-00C04F79EFBC}") = "Hikvision.App", "Hikvision.App\Hikvision.App.csproj", "{C414ACF1-AD70-4A6A-A6B2-1A1AEE6084AD}"
EndProject
Project("{FAE04EC0-301F-11D3-BF4B-00C04F79EFBC}") = "Hikvision.Api", "Hikvision.Api\Hikvision.Api.csproj", "{E3FA2190-E3B6-45E4-99C0-1A73402C53A9}"
EndProject
Global
	GlobalSection(SolutionConfigurationPlatforms) = preSolution
		Debug|Any CPU = Debug|Any CPU
		Release|Any CPU = Release|Any CPU
	EndGlobalSection
	GlobalSection(ProjectConfigurationPlatforms) = postSolution
		{C414ACF1-AD70-4A6A-A6B2-1A1AEE6084AD}.Debug|Any CPU.ActiveCfg = Debug|Any CPU
		{C414ACF1-AD70-4A6A-A6B2-1A1AEE6084AD}.Debug|Any CPU.Build.0 = Debug|Any CPU
		{C414ACF1-AD70-4A6A-A6B2-1A1AEE6084AD}.Release|Any CPU.ActiveCfg = Release|Any CPU
		{C414ACF1-AD70-4A6A-A6B2-1A1AEE6084AD}.Release|Any CPU.Build.0 = Release|Any CPU
		{E3FA2190-E3B6-45E4-99C0-1A73402C53A9}.Debug|Any CPU.ActiveCfg = Debug|Any CPU
		{E3FA2190-E3B6-45E4-99C0-1A73402C53A9}.Debug|Any CPU.Build.0 = Debug|Any CPU
		{E3FA2190-E3B6-45E4-99C0-1A73402C53A9}.Release|Any CPU.ActiveCfg = Release|Any CPU
		{E3FA2190-E3B6-45E4-99C0-1A73402C53A9}.Release|Any CPU.Build.0 = Release|Any CPU
	EndGlobalSection
EndGlobal
